
Microsoft Visual Studio Solution File, Format Version 9.00
# Visual Studio 2005
Project("{FAE04EC0-301F-11D3-BF4B-00C04F79EFBC}") = "Sparrow", "Sparrow\Sparrow.csproj", "{FD7D3DC6-DF4D-4FA8-8913-2B3D853CD7F8}"
EndProject
Project("{FAE04EC0-301F-11D3-BF4B-00C04F79EFBC}") = "GraphControl", "..\..\Libraries\GraphControl\GraphControl\GraphControl.csproj", "{B99E750E-EF0D-48B8-87A8-A09C90B35866}"
EndProject
Global
	GlobalSection(SolutionConfigurationPlatforms) = preSolution
		Debug|Any CPU = Debug|Any CPU
		Release|Any CPU = Release|Any CPU
	EndGlobalSection
	GlobalSection(ProjectConfigurationPlatforms) = postSolution
		{FD7D3DC6-DF4D-4FA8-8913-2B3D853CD7F8}.Debug|Any CPU.ActiveCfg = Debug|Any CPU
		{FD7D3DC6-DF4D-4FA8-8913-2B3D853CD7F8}.Debug|Any CPU.Build.0 = Debug|Any CPU
		{FD7D3DC6-DF4D-4FA8-8913-2B3D853CD7F8}.Release|Any CPU.ActiveCfg = Debug|Any CPU
		{FD7D3DC6-DF4D-4FA8-8913-2B3D853CD7F8}.Release|Any CPU.Build.0 = Debug|Any CPU
		{B99E750E-EF0D-48B8-87A8-A09C90B35866}.Debug|Any CPU.ActiveCfg = Debug|Any CPU
		{B99E750E-EF0D-48B8-87A8-A09C90B35866}.Debug|Any CPU.Build.0 = Debug|Any CPU
		{B99E750E-EF0D-48B8-87A8-A09C90B35866}.Release|Any CPU.ActiveCfg = Debug|Any CPU
		{B99E750E-EF0D-48B8-87A8-A09C90B35866}.Release|Any CPU.Build.0 = Debug|Any CPU
	EndGlobalSection
	GlobalSection(SolutionProperties) = preSolution
		HideSolutionNode = FALSE
	EndGlobalSection
EndGlobal
